
Microsoft Visual Studio Solution File, Format Version 12.00
# Visual Studio 15
VisualStudioVersion = 15.0.28307.421
MinimumVisualStudioVersion = 10.0.40219.1
Project("{9A19103F-16F7-4668-BE54-9A1E7A4F7556}") = "doremi", "doremi\doremi.csproj", "{AEA5D7EB-31B5-4227-AFF8-CCC56685F9B7}"
EndProject
Project("{FAE04EC0-301F-11D3-BF4B-00C04F79EFBC}") = "DummyLogisticsCompanySystem", "DummyLogisticsCompanySystem\DummyLogisticsCompanySystem.csproj", "{3288491A-CBDE-49F0-B1C0-A3AE709C4023}"
EndProject
Project("{FAE04EC0-301F-11D3-BF4B-00C04F79EFBC}") = "AutoPO", "AutoPO\AutoPO.csproj", "{112C2B98-08F0-4551-A951-9C71D68540FC}"
EndProject
Global
	GlobalSection(SolutionConfigurationPlatforms) = preSolution
		Debug|Any CPU = Debug|Any CPU
		Release|Any CPU = Release|Any CPU
	EndGlobalSection
	GlobalSection(ProjectConfigurationPlatforms) = postSolution
		{AEA5D7EB-31B5-4227-AFF8-CCC56685F9B7}.Debug|Any CPU.ActiveCfg = Debug|Any CPU
		{AEA5D7EB-31B5-4227-AFF8-CCC56685F9B7}.Debug|Any CPU.Build.0 = Debug|Any CPU
		{AEA5D7EB-31B5-4227-AFF8-CCC56685F9B7}.Release|Any CPU.ActiveCfg = Release|Any CPU
		{AEA5D7EB-31B5-4227-AFF8-CCC56685F9B7}.Release|Any CPU.Build.0 = Release|Any CPU
		{3288491A-CBDE-49F0-B1C0-A3AE709C4023}.Debug|Any CPU.ActiveCfg = Debug|Any CPU
		{3288491A-CBDE-49F0-B1C0-A3AE709C4023}.Debug|Any CPU.Build.0 = Debug|Any CPU
		{3288491A-CBDE-49F0-B1C0-A3AE709C4023}.Release|Any CPU.ActiveCfg = Release|Any CPU
		{3288491A-CBDE-49F0-B1C0-A3AE709C4023}.Release|Any CPU.Build.0 = Release|Any CPU
		{112C2B98-08F0-4551-A951-9C71D68540FC}.Debug|Any CPU.ActiveCfg = Debug|Any CPU
		{112C2B98-08F0-4551-A951-9C71D68540FC}.Debug|Any CPU.Build.0 = Debug|Any CPU
		{112C2B98-08F0-4551-A951-9C71D68540FC}.Release|Any CPU.ActiveCfg = Release|Any CPU
		{112C2B98-08F0-4551-A951-9C71D68540FC}.Release|Any CPU.Build.0 = Release|Any CPU
	EndGlobalSection
	GlobalSection(SolutionProperties) = preSolution
		HideSolutionNode = FALSE
	EndGlobalSection
	GlobalSection(ExtensibilityGlobals) = postSolution
		SolutionGuid = {9D79ADA5-1EA6-486D-B829-4483477FB7E9}
	EndGlobalSection
EndGlobal
